
Microsoft Visual Studio Solution File, Format Version 12.00
# Visual Studio Version 17
VisualStudioVersion = 17.8.34511.84
MinimumVisualStudioVersion = 10.0.40219.1
Project("{FAE04EC0-301F-11D3-BF4B-00C04F79EFBC}") = "FolketsHusApp", "FolketsHusApp\FolketsHusApp.csproj", "{A84225A9-37AE-49A4-8007-75CC5635FEE6}"
EndProject
Global
	GlobalSection(SolutionConfigurationPlatforms) = preSolution
		Debug|Any CPU = Debug|Any CPU
		Release|Any CPU = Release|Any CPU
	EndGlobalSection
	GlobalSection(ProjectConfigurationPlatforms) = postSolution
		{A84225A9-37AE-49A4-8007-75CC5635FEE6}.Debug|Any CPU.ActiveCfg = Debug|Any CPU
		{A84225A9-37AE-49A4-8007-75CC5635FEE6}.Debug|Any CPU.Build.0 = Debug|Any CPU
		{A84225A9-37AE-49A4-8007-75CC5635FEE6}.Debug|Any CPU.Deploy.0 = Debug|Any CPU
		{A84225A9-37AE-49A4-8007-75CC5635FEE6}.Release|Any CPU.ActiveCfg = Release|Any CPU
		{A84225A9-37AE-49A4-8007-75CC5635FEE6}.Release|Any CPU.Build.0 = Release|Any CPU
		{A84225A9-37AE-49A4-8007-75CC5635FEE6}.Release|Any CPU.Deploy.0 = Release|Any CPU
	EndGlobalSection
	GlobalSection(SolutionProperties) = preSolution
		HideSolutionNode = FALSE
	EndGlobalSection
	GlobalSection(ExtensibilityGlobals) = postSolution
		SolutionGuid = {E7FBEC55-280D-496B-8D11-017DEF7A3B9D}
	EndGlobalSection
EndGlobal
